
Microsoft Visual Studio Solution File, Format Version 12.00
# Visual Studio Version 17
VisualStudioVersion = 17.14.36930.0 d17.14
MinimumVisualStudioVersion = 10.0.40219.1
Project("{FAE04EC0-301F-11D3-BF4B-00C04F79EFBC}") = "StorageApp", "StorageApp\StorageApp.csproj", "{A9CE8E8C-9B05-4026-9065-84EE74262538}"
EndProject
Global
	GlobalSection(SolutionConfigurationPlatforms) = preSolution
		Debug|Any CPU = Debug|Any CPU
		Release|Any CPU = Release|Any CPU
	EndGlobalSection
	GlobalSection(ProjectConfigurationPlatforms) = postSolution
		{A9CE8E8C-9B05-4026-9065-84EE74262538}.Debug|Any CPU.ActiveCfg = Debug|Any CPU
		{A9CE8E8C-9B05-4026-9065-84EE74262538}.Debug|Any CPU.Build.0 = Debug|Any CPU
		{A9CE8E8C-9B05-4026-9065-84EE74262538}.Release|Any CPU.ActiveCfg = Release|Any CPU
		{A9CE8E8C-9B05-4026-9065-84EE74262538}.Release|Any CPU.Build.0 = Release|Any CPU
	EndGlobalSection
	GlobalSection(SolutionProperties) = preSolution
		HideSolutionNode = FALSE
	EndGlobalSection
	GlobalSection(ExtensibilityGlobals) = postSolution
		SolutionGuid = {6A175002-E57F-4C5A-AEE5-364FDD244DD8}
	EndGlobalSection
EndGlobal
